
Microsoft Visual Studio Solution File, Format Version 12.00
# Visual Studio Version 17
VisualStudioVersion = 17.5.33516.290
MinimumVisualStudioVersion = 10.0.40219.1
Project("{FAE04EC0-301F-11D3-BF4B-00C04F79EFBC}") = "MoqTestDemoApp", "MoqTestDemoApp\MoqTestDemoApp.csproj", "{CCE71FF1-04A8-494B-B29E-E6D757D08352}"
EndProject
Project("{FAE04EC0-301F-11D3-BF4B-00C04F79EFBC}") = "MoqTestDemoApp.Tests", "MoqTestDemoApp.Tests\MoqTestDemoApp.Tests.csproj", "{3BF5D04C-58D1-4CFE-A21C-04774F5130EB}"
EndProject
Global
	GlobalSection(SolutionConfigurationPlatforms) = preSolution
		Debug|Any CPU = Debug|Any CPU
		Release|Any CPU = Release|Any CPU
	EndGlobalSection
	GlobalSection(ProjectConfigurationPlatforms) = postSolution
		{CCE71FF1-04A8-494B-B29E-E6D757D08352}.Debug|Any CPU.ActiveCfg = Debug|Any CPU
		{CCE71FF1-04A8-494B-B29E-E6D757D08352}.Debug|Any CPU.Build.0 = Debug|Any CPU
		{CCE71FF1-04A8-494B-B29E-E6D757D08352}.Release|Any CPU.ActiveCfg = Release|Any CPU
		{CCE71FF1-04A8-494B-B29E-E6D757D08352}.Release|Any CPU.Build.0 = Release|Any CPU
		{3BF5D04C-58D1-4CFE-A21C-04774F5130EB}.Debug|Any CPU.ActiveCfg = Debug|Any CPU
		{3BF5D04C-58D1-4CFE-A21C-04774F5130EB}.Debug|Any CPU.Build.0 = Debug|Any CPU
		{3BF5D04C-58D1-4CFE-A21C-04774F5130EB}.Release|Any CPU.ActiveCfg = Release|Any CPU
		{3BF5D04C-58D1-4CFE-A21C-04774F5130EB}.Release|Any CPU.Build.0 = Release|Any CPU
	EndGlobalSection
	GlobalSection(SolutionProperties) = preSolution
		HideSolutionNode = FALSE
	EndGlobalSection
	GlobalSection(ExtensibilityGlobals) = postSolution
		SolutionGuid = {8AEEDE8D-1D88-463A-8C46-05E46C9948A8}
	EndGlobalSection
EndGlobal
